{
  "name": "dominio",
  "version": "1.0.0",
  "lockfileVersion": 1,
  "requires": true,
  "dependencies": {
    "sqlanywhere": {
      "version": "1.0.21",
      "resolved": "https://registry.npmjs.org/sqlanywhere/-/sqlanywhere-1.0.21.tgz",
      "integrity": "sha1-7B5BB5/cdJrqp0Ism3B52+F+fvM="
    }
  }
}
